// !$*UTF8*$!
{
	archiveVersion = 1;
	classes = {
	};
	objectVersion = 46;
	objects = {

/* Begin PBXBuildFile section */
		65863F21ABD0DDE2312AB843 /* Pods_MedicalExaminationSchedule.framework in Frameworks */ = {isa = PBXBuildFile; fileRef = B0BC263B775CC324843AC451 /* Pods_MedicalExaminationSchedule.framework */; };
		842641831DF2AEE800EAB5CE /* TabBar.storyboard in Resources */ = {isa = PBXBuildFile; fileRef = 842641821DF2AEE800EAB5CE /* TabBar.storyboard */; };
		8426418B1DF2B16B00EAB5CE /* News.storyboard in Resources */ = {isa = PBXBuildFile; fileRef = 8426418A1DF2B16B00EAB5CE /* News.storyboard */; };
		8426418D1DF2B1E500EAB5CE /* Locations.storyboard in Resources */ = {isa = PBXBuildFile; fileRef = 8426418C1DF2B1E500EAB5CE /* Locations.storyboard */; };
		8426418F1DF2B24600EAB5CE /* Schedule.storyboard in Resources */ = {isa = PBXBuildFile; fileRef = 8426418E1DF2B24600EAB5CE /* Schedule.storyboard */; };
		842641911DF2B25A00EAB5CE /* More.storyboard in Resources */ = {isa = PBXBuildFile; fileRef = 842641901DF2B25A00EAB5CE /* More.storyboard */; };
		84CB42CF1DE16FE10059B057 /* AppDelegate.swift in Sources */ = {isa = PBXBuildFile; fileRef = 84CB42CE1DE16FE10059B057 /* AppDelegate.swift */; };
		84CB42D11DE16FE10059B057 /* ViewController.swift in Sources */ = {isa = PBXBuildFile; fileRef = 84CB42D01DE16FE10059B057 /* ViewController.swift */; };
		84CB42D41DE16FE10059B057 /* Main.storyboard in Resources */ = {isa = PBXBuildFile; fileRef = 84CB42D21DE16FE10059B057 /* Main.storyboard */; };
		84CB42D71DE16FE10059B057 /* MedicalExaminationSchedule.xcdatamodeld in Sources */ = {isa = PBXBuildFile; fileRef = 84CB42D51DE16FE10059B057 /* MedicalExaminationSchedule.xcdatamodeld */; };
		84CB42D91DE16FE10059B057 /* Assets.xcassets in Resources */ = {isa = PBXBuildFile; fileRef = 84CB42D81DE16FE10059B057 /* Assets.xcassets */; };
		84CB42DC1DE16FE10059B057 /* LaunchScreen.storyboard in Resources */ = {isa = PBXBuildFile; fileRef = 84CB42DA1DE16FE10059B057 /* LaunchScreen.storyboard */; };
		84CB42E71DE16FE10059B057 /* MedicalExaminationScheduleTests.swift in Sources */ = {isa = PBXBuildFile; fileRef = 84CB42E61DE16FE10059B057 /* MedicalExaminationScheduleTests.swift */; };
		84CB42F21DE16FE10059B057 /* MedicalExaminationScheduleUITests.swift in Sources */ = {isa = PBXBuildFile; fileRef = 84CB42F11DE16FE10059B057 /* MedicalExaminationScheduleUITests.swift */; };
		84CB43011DE19A3C0059B057 /* SignInViewController.swift in Sources */ = {isa = PBXBuildFile; fileRef = 84CB43001DE19A3C0059B057 /* SignInViewController.swift */; };
		84CB43031DE1B4270059B057 /* SignUpViewController.swift in Sources */ = {isa = PBXBuildFile; fileRef = 84CB43021DE1B4270059B057 /* SignUpViewController.swift */; };
		91D889F7C608E0DC0693894D /* Pods_MedicalExaminationScheduleTests.framework in Frameworks */ = {isa = PBXBuildFile; fileRef = 35CB514918835835536E7F45 /* Pods_MedicalExaminationScheduleTests.framework */; };
		ABE8825029E2839979699CE5 /* Pods_MedicalExaminationScheduleUITests.framework in Frameworks */ = {isa = PBXBuildFile; fileRef = 581952139BA14BDC2364DEF3 /* Pods_MedicalExaminationScheduleUITests.framework */; };
		D2DE92581DF2A46B000C9BC7 /* logo_test@2x.png in Resources */ = {isa = PBXBuildFile; fileRef = D2DE92571DF2A46B000C9BC7 /* logo_test@2x.png */; };
		D2DE925A1DF2A84D000C9BC7 /* Define.swift in Sources */ = {isa = PBXBuildFile; fileRef = D2DE92591DF2A84D000C9BC7 /* Define.swift */; };
		D2DE925C1DF2A87B000C9BC7 /* ProjectCommon.swift in Sources */ = {isa = PBXBuildFile; fileRef = D2DE925B1DF2A87B000C9BC7 /* ProjectCommon.swift */; };
		D2DE925E1DF2AD61000C9BC7 /* UpdateProfileWithFacebookViewController.swift in Sources */ = {isa = PBXBuildFile; fileRef = D2DE925D1DF2AD61000C9BC7 /* UpdateProfileWithFacebookViewController.swift */; };
/* End PBXBuildFile section */

/* Begin PBXContainerItemProxy section */
		84CB42E31DE16FE10059B057 /* PBXContainerItemProxy */ = {
			isa = PBXContainerItemProxy;
			containerPortal = 84CB42C31DE16FE00059B057 /* Project object */;
			proxyType = 1;
			remoteGlobalIDString = 84CB42CA1DE16FE00059B057;
			remoteInfo = MedicalExaminationSchedule;
		};
		84CB42EE1DE16FE10059B057 /* PBXContainerItemProxy */ = {
			isa = PBXContainerItemProxy;
			containerPortal = 84CB42C31DE16FE00059B057 /* Project object */;
			proxyType = 1;
			remoteGlobalIDString = 84CB42CA1DE16FE00059B057;
			remoteInfo = MedicalExaminationSchedule;
		};
/* End PBXContainerItemProxy section */

/* Begin PBXFileReference section */
		0F17756C69AD54587B1DA0BE /* Pods-MedicalExaminationSchedule.release.xcconfig */ = {isa = PBXFileReference; includeInIndex = 1; lastKnownFileType = text.xcconfig; name = "Pods-MedicalExaminationSchedule.release.xcconfig"; path = "Pods/Target Support Files/Pods-MedicalExaminationSchedule/Pods-MedicalExaminationSchedule.release.xcconfig"; sourceTree = "<group>"; };
		1F92D85D573E257A972657C5 /* Pods-MedicalExaminationScheduleTests.debug.xcconfig */ = {isa = PBXFileReference; includeInIndex = 1; lastKnownFileType = text.xcconfig; name = "Pods-MedicalExaminationScheduleTests.debug.xcconfig"; path = "Pods/Target Support Files/Pods-MedicalExaminationScheduleTests/Pods-MedicalExaminationScheduleTests.debug.xcconfig"; sourceTree = "<group>"; };
		35CB514918835835536E7F45 /* Pods_MedicalExaminationScheduleTests.framework */ = {isa = PBXFileReference; explicitFileType = wrapper.framework; includeInIndex = 0; path = Pods_MedicalExaminationScheduleTests.framework; sourceTree = BUILT_PRODUCTS_DIR; };
		581952139BA14BDC2364DEF3 /* Pods_MedicalExaminationScheduleUITests.framework */ = {isa = PBXFileReference; explicitFileType = wrapper.framework; includeInIndex = 0; path = Pods_MedicalExaminationScheduleUITests.framework; sourceTree = BUILT_PRODUCTS_DIR; };
		6894E3A1073F7D6578130B8F /* Pods-MedicalExaminationScheduleUITests.release.xcconfig */ = {isa = PBXFileReference; includeInIndex = 1; lastKnownFileType = text.xcconfig; name = "Pods-MedicalExaminationScheduleUITests.release.xcconfig"; path = "Pods/Target Support Files/Pods-MedicalExaminationScheduleUITests/Pods-MedicalExaminationScheduleUITests.release.xcconfig"; sourceTree = "<group>"; };
		8075232E2212CC7B148C5FBC /* Pods-MedicalExaminationScheduleTests.release.xcconfig */ = {isa = PBXFileReference; includeInIndex = 1; lastKnownFileType = text.xcconfig; name = "Pods-MedicalExaminationScheduleTests.release.xcconfig"; path = "Pods/Target Support Files/Pods-MedicalExaminationScheduleTests/Pods-MedicalExaminationScheduleTests.release.xcconfig"; sourceTree = "<group>"; };
		842641821DF2AEE800EAB5CE /* TabBar.storyboard */ = {isa = PBXFileReference; fileEncoding = 4; lastKnownFileType = file.storyboard; path = TabBar.storyboard; sourceTree = "<group>"; };
		8426418A1DF2B16B00EAB5CE /* News.storyboard */ = {isa = PBXFileReference; fileEncoding = 4; lastKnownFileType = file.storyboard; path = News.storyboard; sourceTree = "<group>"; };
		8426418C1DF2B1E500EAB5CE /* Locations.storyboard */ = {isa = PBXFileReference; fileEncoding = 4; lastKnownFileType = file.storyboard; path = Locations.storyboard; sourceTree = "<group>"; };
		8426418E1DF2B24600EAB5CE /* Schedule.storyboard */ = {isa = PBXFileReference; fileEncoding = 4; lastKnownFileType = file.storyboard; path = Schedule.storyboard; sourceTree = "<group>"; };
		842641901DF2B25A00EAB5CE /* More.storyboard */ = {isa = PBXFileReference; fileEncoding = 4; lastKnownFileType = file.storyboard; path = More.storyboard; sourceTree = "<group>"; };
		84CB42CB1DE16FE10059B057 /* MedicalExaminationSchedule.app */ = {isa = PBXFileReference; explicitFileType = wrapper.application; includeInIndex = 0; path = MedicalExaminationSchedule.app; sourceTree = BUILT_PRODUCTS_DIR; };
		84CB42CE1DE16FE10059B057 /* AppDelegate.swift */ = {isa = PBXFileReference; lastKnownFileType = sourcecode.swift; path = AppDelegate.swift; sourceTree = "<group>"; };
		84CB42D01DE16FE10059B057 /* ViewController.swift */ = {isa = PBXFileReference; lastKnownFileType = sourcecode.swift; path = ViewController.swift; sourceTree = "<group>"; };
		84CB42D31DE16FE10059B057 /* Base */ = {isa = PBXFileReference; lastKnownFileType = file.storyboard; name = Base; path = Base.lproj/Main.storyboard; sourceTree = "<group>"; };
		84CB42D61DE16FE10059B057 /* MedicalExaminationSchedule.xcdatamodel */ = {isa = PBXFileReference; lastKnownFileType = wrapper.xcdatamodel; path = MedicalExaminationSchedule.xcdatamodel; sourceTree = "<group>"; };
		84CB42D81DE16FE10059B057 /* Assets.xcassets */ = {isa = PBXFileReference; lastKnownFileType = folder.assetcatalog; path = Assets.xcassets; sourceTree = "<group>"; };
		84CB42DB1DE16FE10059B057 /* Base */ = {isa = PBXFileReference; lastKnownFileType = file.storyboard; name = Base; path = Base.lproj/LaunchScreen.storyboard; sourceTree = "<group>"; };
		84CB42DD1DE16FE10059B057 /* Info.plist */ = {isa = PBXFileReference; lastKnownFileType = text.plist.xml; path = Info.plist; sourceTree = "<group>"; };
		84CB42E21DE16FE10059B057 /* MedicalExaminationScheduleTests.xctest */ = {isa = PBXFileReference; explicitFileType = wrapper.cfbundle; includeInIndex = 0; path = MedicalExaminationScheduleTests.xctest; sourceTree = BUILT_PRODUCTS_DIR; };
		84CB42E61DE16FE10059B057 /* MedicalExaminationScheduleTests.swift */ = {isa = PBXFileReference; lastKnownFileType = sourcecode.swift; path = MedicalExaminationScheduleTests.swift; sourceTree = "<group>"; };
		84CB42E81DE16FE10059B057 /* Info.plist */ = {isa = PBXFileReference; lastKnownFileType = text.plist.xml; path = Info.plist; sourceTree = "<group>"; };
		84CB42ED1DE16FE10059B057 /* MedicalExaminationScheduleUITests.xctest */ = {isa = PBXFileReference; explicitFileType = wrapper.cfbundle; includeInIndex = 0; path = MedicalExaminationScheduleUITests.xctest; sourceTree = BUILT_PRODUCTS_DIR; };
		84CB42F11DE16FE10059B057 /* MedicalExaminationScheduleUITests.swift */ = {isa = PBXFileReference; lastKnownFileType = sourcecode.swift; path = MedicalExaminationScheduleUITests.swift; sourceTree = "<group>"; };
		84CB42F31DE16FE10059B057 /* Info.plist */ = {isa = PBXFileReference; lastKnownFileType = text.plist.xml; path = Info.plist; sourceTree = "<group>"; };
		84CB43001DE19A3C0059B057 /* SignInViewController.swift */ = {isa = PBXFileReference; fileEncoding = 4; lastKnownFileType = sourcecode.swift; name = SignInViewController.swift; path = Account/SignInViewController.swift; sourceTree = "<group>"; };
		84CB43021DE1B4270059B057 /* SignUpViewController.swift */ = {isa = PBXFileReference; fileEncoding = 4; lastKnownFileType = sourcecode.swift; name = SignUpViewController.swift; path = Account/SignUpViewController.swift; sourceTree = "<group>"; };
		B0BC263B775CC324843AC451 /* Pods_MedicalExaminationSchedule.framework */ = {isa = PBXFileReference; explicitFileType = wrapper.framework; includeInIndex = 0; path = Pods_MedicalExaminationSchedule.framework; sourceTree = BUILT_PRODUCTS_DIR; };
		CE67A550160C1A2E7EDEB177 /* Pods-MedicalExaminationSchedule.debug.xcconfig */ = {isa = PBXFileReference; includeInIndex = 1; lastKnownFileType = text.xcconfig; name = "Pods-MedicalExaminationSchedule.debug.xcconfig"; path = "Pods/Target Support Files/Pods-MedicalExaminationSchedule/Pods-MedicalExaminationSchedule.debug.xcconfig"; sourceTree = "<group>"; };
		D2DE92571DF2A46B000C9BC7 /* logo_test@2x.png */ = {isa = PBXFileReference; lastKnownFileType = image.png; path = "logo_test@2x.png"; sourceTree = "<group>"; };
		D2DE92591DF2A84D000C9BC7 /* Define.swift */ = {isa = PBXFileReference; fileEncoding = 4; lastKnownFileType = sourcecode.swift; path = Define.swift; sourceTree = "<group>"; };
		D2DE925B1DF2A87B000C9BC7 /* ProjectCommon.swift */ = {isa = PBXFileReference; fileEncoding = 4; lastKnownFileType = sourcecode.swift; path = ProjectCommon.swift; sourceTree = "<group>"; };
		D2DE925D1DF2AD61000C9BC7 /* UpdateProfileWithFacebookViewController.swift */ = {isa = PBXFileReference; fileEncoding = 4; lastKnownFileType = sourcecode.swift; name = UpdateProfileWithFacebookViewController.swift; path = Account/UpdateProfileWithFacebookViewController.swift; sourceTree = "<group>"; };
		F6046C89BE7A5BD971C6098B /* Pods-MedicalExaminationScheduleUITests.debug.xcconfig */ = {isa = PBXFileReference; includeInIndex = 1; lastKnownFileType = text.xcconfig; name = "Pods-MedicalExaminationScheduleUITests.debug.xcconfig"; path = "Pods/Target Support Files/Pods-MedicalExaminationScheduleUITests/Pods-MedicalExaminationScheduleUITests.debug.xcconfig"; sourceTree = "<group>"; };
/* End PBXFileReference section */

/* Begin PBXFrameworksBuildPhase section */
		84CB42C81DE16FE00059B057 /* Frameworks */ = {
			isa = PBXFrameworksBuildPhase;
			buildActionMask = 2147483647;
			files = (
				65863F21ABD0DDE2312AB843 /* Pods_MedicalExaminationSchedule.framework in Frameworks */,
			);
			runOnlyForDeploymentPostprocessing = 0;
		};
		84CB42DF1DE16FE10059B057 /* Frameworks */ = {
			isa = PBXFrameworksBuildPhase;
			buildActionMask = 2147483647;
			files = (
				91D889F7C608E0DC0693894D /* Pods_MedicalExaminationScheduleTests.framework in Frameworks */,
			);
			runOnlyForDeploymentPostprocessing = 0;
		};
		84CB42EA1DE16FE10059B057 /* Frameworks */ = {
			isa = PBXFrameworksBuildPhase;
			buildActionMask = 2147483647;
			files = (
				ABE8825029E2839979699CE5 /* Pods_MedicalExaminationScheduleUITests.framework in Frameworks */,
			);
			runOnlyForDeploymentPostprocessing = 0;
		};
/* End PBXFrameworksBuildPhase section */

/* Begin PBXGroup section */
		842641861DF2B07E00EAB5CE /* More */ = {
			isa = PBXGroup;
			children = (
				842641901DF2B25A00EAB5CE /* More.storyboard */,
			);
			path = More;
			sourceTree = "<group>";
		};
		842641871DF2B08800EAB5CE /* News */ = {
			isa = PBXGroup;
			children = (
				8426418A1DF2B16B00EAB5CE /* News.storyboard */,
			);
			path = News;
			sourceTree = "<group>";
		};
		842641881DF2B09400EAB5CE /* Schedule */ = {
			isa = PBXGroup;
			children = (
				8426418E1DF2B24600EAB5CE /* Schedule.storyboard */,
			);
			path = Schedule;
			sourceTree = "<group>";
		};
		842641891DF2B0A000EAB5CE /* Locations */ = {
			isa = PBXGroup;
			children = (
				8426418C1DF2B1E500EAB5CE /* Locations.storyboard */,
			);
			path = Locations;
			sourceTree = "<group>";
		};
		84CB42C21DE16FE00059B057 = {
			isa = PBXGroup;
			children = (
				84CB42CD1DE16FE10059B057 /* MedicalExaminationSchedule */,
				84CB42E51DE16FE10059B057 /* MedicalExaminationScheduleTests */,
				84CB42F01DE16FE10059B057 /* MedicalExaminationScheduleUITests */,
				84CB42CC1DE16FE10059B057 /* Products */,
				B3971111236E98E8993F5BFC /* Pods */,
				D00E98537ADEDF5A31AAFA5B /* Frameworks */,
			);
			sourceTree = "<group>";
		};
		84CB42CC1DE16FE10059B057 /* Products */ = {
			isa = PBXGroup;
			children = (
				84CB42CB1DE16FE10059B057 /* MedicalExaminationSchedule.app */,
				84CB42E21DE16FE10059B057 /* MedicalExaminationScheduleTests.xctest */,
				84CB42ED1DE16FE10059B057 /* MedicalExaminationScheduleUITests.xctest */,
			);
			name = Products;
			sourceTree = "<group>";
		};
		84CB42CD1DE16FE10059B057 /* MedicalExaminationSchedule */ = {
			isa = PBXGroup;
			children = (
				D2DE92571DF2A46B000C9BC7 /* logo_test@2x.png */,
				842641871DF2B08800EAB5CE /* News */,
				842641891DF2B0A000EAB5CE /* Locations */,
				842641881DF2B09400EAB5CE /* Schedule */,
				842641861DF2B07E00EAB5CE /* More */,
				84CB42FF1DE199A10059B057 /* Account */,
				84CB42CE1DE16FE10059B057 /* AppDelegate.swift */,
				84CB42D01DE16FE10059B057 /* ViewController.swift */,
				84CB42D21DE16FE10059B057 /* Main.storyboard */,
				84CB42D81DE16FE10059B057 /* Assets.xcassets */,
				84CB42DA1DE16FE10059B057 /* LaunchScreen.storyboard */,
				84CB42DD1DE16FE10059B057 /* Info.plist */,
				84CB42D51DE16FE10059B057 /* MedicalExaminationSchedule.xcdatamodeld */,
				D2DE92591DF2A84D000C9BC7 /* Define.swift */,
				D2DE925B1DF2A87B000C9BC7 /* ProjectCommon.swift */,
				842641821DF2AEE800EAB5CE /* TabBar.storyboard */,
			);
			path = MedicalExaminationSchedule;
			sourceTree = "<group>";
		};
		84CB42E51DE16FE10059B057 /* MedicalExaminationScheduleTests */ = {
			isa = PBXGroup;
			children = (
				84CB42E61DE16FE10059B057 /* MedicalExaminationScheduleTests.swift */,
				84CB42E81DE16FE10059B057 /* Info.plist */,
			);
			path = MedicalExaminationScheduleTests;
			sourceTree = "<group>";
		};
		84CB42F01DE16FE10059B057 /* MedicalExaminationScheduleUITests */ = {
			isa = PBXGroup;
			children = (
				84CB42F11DE16FE10059B057 /* MedicalExaminationScheduleUITests.swift */,
				84CB42F31DE16FE10059B057 /* Info.plist */,
			);
			path = MedicalExaminationScheduleUITests;
			sourceTree = "<group>";
		};
		84CB42FF1DE199A10059B057 /* Account */ = {
			isa = PBXGroup;
			children = (
				84CB43001DE19A3C0059B057 /* SignInViewController.swift */,
				84CB43021DE1B4270059B057 /* SignUpViewController.swift */,
				D2DE925D1DF2AD61000C9BC7 /* UpdateProfileWithFacebookViewController.swift */,
			);
			name = Account;
			sourceTree = "<group>";
		};
		B3971111236E98E8993F5BFC /* Pods */ = {
			isa = PBXGroup;
			children = (
				CE67A550160C1A2E7EDEB177 /* Pods-MedicalExaminationSchedule.debug.xcconfig */,
				0F17756C69AD54587B1DA0BE /* Pods-MedicalExaminationSchedule.release.xcconfig */,
				1F92D85D573E257A972657C5 /* Pods-MedicalExaminationScheduleTests.debug.xcconfig */,
				8075232E2212CC7B148C5FBC /* Pods-MedicalExaminationScheduleTests.release.xcconfig */,
				F6046C89BE7A5BD971C6098B /* Pods-MedicalExaminationScheduleUITests.debug.xcconfig */,
				6894E3A1073F7D6578130B8F /* Pods-MedicalExaminationScheduleUITests.release.xcconfig */,
			);
			name = Pods;
			sourceTree = "<group>";
		};
		D00E98537ADEDF5A31AAFA5B /* Frameworks */ = {
			isa = PBXGroup;
			children = (
				B0BC263B775CC324843AC451 /* Pods_MedicalExaminationSchedule.framework */,
				35CB514918835835536E7F45 /* Pods_MedicalExaminationScheduleTests.framework */,
				581952139BA14BDC2364DEF3 /* Pods_MedicalExaminationScheduleUITests.framework */,
			);
			name = Frameworks;
			sourceTree = "<group>";
		};
/* End PBXGroup section */

/* Begin PBXNativeTarget section */
		84CB42CA1DE16FE00059B057 /* MedicalExaminationSchedule */ = {
			isa = PBXNativeTarget;
			buildConfigurationList = 84CB42F61DE16FE10059B057 /* Build configuration list for PBXNativeTarget "MedicalExaminationSchedule" */;
			buildPhases = (
				C6844979A5AD1DD455BB11C5 /* [CP] Check Pods Manifest.lock */,
				84CB42C71DE16FE00059B057 /* Sources */,
				84CB42C81DE16FE00059B057 /* Frameworks */,
				84CB42C91DE16FE00059B057 /* Resources */,
				6B9D21389B0D0433D0555EE2 /* [CP] Embed Pods Frameworks */,
				EC17B60808F2E8D32BC0C4DF /* [CP] Copy Pods Resources */,
			);
			buildRules = (
			);
			dependencies = (
			);
			name = MedicalExaminationSchedule;
			productName = MedicalExaminationSchedule;
			productReference = 84CB42CB1DE16FE10059B057 /* MedicalExaminationSchedule.app */;
			productType = "com.apple.product-type.application";
		};
		84CB42E11DE16FE10059B057 /* MedicalExaminationScheduleTests */ = {
			isa = PBXNativeTarget;
			buildConfigurationList = 84CB42F91DE16FE10059B057 /* Build configuration list for PBXNativeTarget "MedicalExaminationScheduleTests" */;
			buildPhases = (
				197BE27137AA0B3203A707CE /* [CP] Check Pods Manifest.lock */,
				84CB42DE1DE16FE10059B057 /* Sources */,
				84CB42DF1DE16FE10059B057 /* Frameworks */,
				84CB42E01DE16FE10059B057 /* Resources */,
				946D251A5D02E168E9123CF5 /* [CP] Embed Pods Frameworks */,
				3BFA46A15DCC342263449F69 /* [CP] Copy Pods Resources */,
			);
			buildRules = (
			);
			dependencies = (
				84CB42E41DE16FE10059B057 /* PBXTargetDependency */,
			);
			name = MedicalExaminationScheduleTests;
			productName = MedicalExaminationScheduleTests;
			productReference = 84CB42E21DE16FE10059B057 /* MedicalExaminationScheduleTests.xctest */;
			productType = "com.apple.product-type.bundle.unit-test";
		};
		84CB42EC1DE16FE10059B057 /* MedicalExaminationScheduleUITests */ = {
			isa = PBXNativeTarget;
			buildConfigurationList = 84CB42FC1DE16FE10059B057 /* Build configuration list for PBXNativeTarget "MedicalExaminationScheduleUITests" */;
			buildPhases = (
				1A0B9CBAF0186C5BF4C880E6 /* [CP] Check Pods Manifest.lock */,
				84CB42E91DE16FE10059B057 /* Sources */,
				84CB42EA1DE16FE10059B057 /* Frameworks */,
				84CB42EB1DE16FE10059B057 /* Resources */,
				372D2BBC8A9A16AF55DB02FE /* [CP] Copy Pods Resources */,
			);
			buildRules = (
			);
			dependencies = (
				84CB42EF1DE16FE10059B057 /* PBXTargetDependency */,
			);
			name = MedicalExaminationScheduleUITests;
			productName = MedicalExaminationScheduleUITests;
			productReference = 84CB42ED1DE16FE10059B057 /* MedicalExaminationScheduleUITests.xctest */;
			productType = "com.apple.product-type.bundle.ui-testing";
		};
/* End PBXNativeTarget section */

/* Begin PBXProject section */
		84CB42C31DE16FE00059B057 /* Project object */ = {
			isa = PBXProject;
			attributes = {
				LastSwiftUpdateCheck = 0810;
				LastUpgradeCheck = 0810;
				ORGANIZATIONNAME = "Nguyen Hai Dang";
				TargetAttributes = {
					84CB42CA1DE16FE00059B057 = {
						CreatedOnToolsVersion = 8.1;
						DevelopmentTeam = 78F7F9Y9CK;
						ProvisioningStyle = Automatic;
					};
					84CB42E11DE16FE10059B057 = {
						CreatedOnToolsVersion = 8.1;
						DevelopmentTeam = 78F7F9Y9CK;
						ProvisioningStyle = Automatic;
						TestTargetID = 84CB42CA1DE16FE00059B057;
					};
					84CB42EC1DE16FE10059B057 = {
						CreatedOnToolsVersion = 8.1;
						DevelopmentTeam = 78F7F9Y9CK;
						ProvisioningStyle = Automatic;
						TestTargetID = 84CB42CA1DE16FE00059B057;
					};
				};
			};
			buildConfigurationList = 84CB42C61DE16FE00059B057 /* Build configuration list for PBXProject "MedicalExaminationSchedule" */;
			compatibilityVersion = "Xcode 3.2";
			developmentRegion = English;
			hasScannedForEncodings = 0;
			knownRegions = (
				en,
				Base,
			);
			mainGroup = 84CB42C21DE16FE00059B057;
			productRefGroup = 84CB42CC1DE16FE10059B057 /* Products */;
			projectDirPath = "";
			projectRoot = "";
			targets = (
				84CB42CA1DE16FE00059B057 /* MedicalExaminationSchedule */,
				84CB42E11DE16FE10059B057 /* MedicalExaminationScheduleTests */,
				84CB42EC1DE16FE10059B057 /* MedicalExaminationScheduleUITests */,
			);
		};
/* End PBXProject section */

/* Begin PBXResourcesBuildPhase section */
		84CB42C91DE16FE00059B057 /* Resources */ = {
			isa = PBXResourcesBuildPhase;
			buildActionMask = 2147483647;
			files = (
				842641831DF2AEE800EAB5CE /* TabBar.storyboard in Resources */,
				842641911DF2B25A00EAB5CE /* More.storyboard in Resources */,
				8426418B1DF2B16B00EAB5CE /* News.storyboard in Resources */,
				D2DE92581DF2A46B000C9BC7 /* logo_test@2x.png in Resources */,
				84CB42DC1DE16FE10059B057 /* LaunchScreen.storyboard in Resources */,
				8426418D1DF2B1E500EAB5CE /* Locations.storyboard in Resources */,
				84CB42D91DE16FE10059B057 /* Assets.xcassets in Resources */,
				84CB42D41DE16FE10059B057 /* Main.storyboard in Resources */,
				8426418F1DF2B24600EAB5CE /* Schedule.storyboard in Resources */,
			);
			runOnlyForDeploymentPostprocessing = 0;
		};
		84CB42E01DE16FE10059B057 /* Resources */ = {
			isa = PBXResourcesBuildPhase;
			buildActionMask = 2147483647;
			files = (
			);
			runOnlyForDeploymentPostprocessing = 0;
		};
		84CB42EB1DE16FE10059B057 /* Resources */ = {
			isa = PBXResourcesBuildPhase;
			buildActionMask = 2147483647;
			files = (
			);
			runOnlyForDeploymentPostprocessing = 0;
		};
/* End PBXResourcesBuildPhase section */

/* Begin PBXShellScriptBuildPhase section */
		197BE27137AA0B3203A707CE /* [CP] Check Pods Manifest.lock */ = {
			isa = PBXShellScriptBuildPhase;
			buildActionMask = 2147483647;
			files = (
			);
			inputPaths = (
			);
			name = "[CP] Check Pods Manifest.lock";
			outputPaths = (
			);
			runOnlyForDeploymentPostprocessing = 0;
			shellPath = /bin/sh;
			shellScript = "diff \"${PODS_ROOT}/../Podfile.lock\" \"${PODS_ROOT}/Manifest.lock\" > /dev/null\nif [[ $? != 0 ]] ; then\n    cat << EOM\nerror: The sandbox is not in sync with the Podfile.lock. Run 'pod install' or update your CocoaPods installation.\nEOM\n    exit 1\nfi\n";
			showEnvVarsInLog = 0;
		};
		1A0B9CBAF0186C5BF4C880E6 /* [CP] Check Pods Manifest.lock */ = {
			isa = PBXShellScriptBuildPhase;
			buildActionMask = 2147483647;
			files = (
			);
			inputPaths = (
			);
			name = "[CP] Check Pods Manifest.lock";
			outputPaths = (
			);
			runOnlyForDeploymentPostprocessing = 0;
			shellPath = /bin/sh;
			shellScript = "diff \"${PODS_ROOT}/../Podfile.lock\" \"${PODS_ROOT}/Manifest.lock\" > /dev/null\nif [[ $? != 0 ]] ; then\n    cat << EOM\nerror: The sandbox is not in sync with the Podfile.lock. Run 'pod install' or update your CocoaPods installation.\nEOM\n    exit 1\nfi\n";
			showEnvVarsInLog = 0;
		};
		372D2BBC8A9A16AF55DB02FE /* [CP] Copy Pods Resources */ = {
			isa = PBXShellScriptBuildPhase;
			buildActionMask = 2147483647;
			files = (
			);
			inputPaths = (
			);
			name = "[CP] Copy Pods Resources";
			outputPaths = (
			);
			runOnlyForDeploymentPostprocessing = 0;
			shellPath = /bin/sh;
			shellScript = "\"${SRCROOT}/Pods/Target Support Files/Pods-MedicalExaminationScheduleUITests/Pods-MedicalExaminationScheduleUITests-resources.sh\"\n";
			showEnvVarsInLog = 0;
		};
		3BFA46A15DCC342263449F69 /* [CP] Copy Pods Resources */ = {
			isa = PBXShellScriptBuildPhase;
			buildActionMask = 2147483647;
			files = (
			);
			inputPaths = (
			);
			name = "[CP] Copy Pods Resources";
			outputPaths = (
			);
			runOnlyForDeploymentPostprocessing = 0;
			shellPath = /bin/sh;
			shellScript = "\"${SRCROOT}/Pods/Target Support Files/Pods-MedicalExaminationScheduleTests/Pods-MedicalExaminationScheduleTests-resources.sh\"\n";
			showEnvVarsInLog = 0;
		};
		6B9D21389B0D0433D0555EE2 /* [CP] Embed Pods Frameworks */ = {
			isa = PBXShellScriptBuildPhase;
			buildActionMask = 2147483647;
			files = (
			);
			inputPaths = (
			);
			name = "[CP] Embed Pods Frameworks";
			outputPaths = (
			);
			runOnlyForDeploymentPostprocessing = 0;
			shellPath = /bin/sh;
			shellScript = "\"${SRCROOT}/Pods/Target Support Files/Pods-MedicalExaminationSchedule/Pods-MedicalExaminationSchedule-frameworks.sh\"\n";
			showEnvVarsInLog = 0;
		};
		946D251A5D02E168E9123CF5 /* [CP] Embed Pods Frameworks */ = {
			isa = PBXShellScriptBuildPhase;
			buildActionMask = 2147483647;
			files = (
			);
			inputPaths = (
			);
			name = "[CP] Embed Pods Frameworks";
			outputPaths = (
			);
			runOnlyForDeploymentPostprocessing = 0;
			shellPath = /bin/sh;
			shellScript = "\"${SRCROOT}/Pods/Target Support Files/Pods-MedicalExaminationScheduleTests/Pods-MedicalExaminationScheduleTests-frameworks.sh\"\n";
			showEnvVarsInLog = 0;
		};
		C6844979A5AD1DD455BB11C5 /* [CP] Check Pods Manifest.lock */ = {
			isa = PBXShellScriptBuildPhase;
			buildActionMask = 2147483647;
			files = (
			);
			inputPaths = (
			);
			name = "[CP] Check Pods Manifest.lock";
			outputPaths = (
			);
			runOnlyForDeploymentPostprocessing = 0;
			shellPath = /bin/sh;
			shellScript = "diff \"${PODS_ROOT}/../Podfile.lock\" \"${PODS_ROOT}/Manifest.lock\" > /dev/null\nif [[ $? != 0 ]] ; then\n    cat << EOM\nerror: The sandbox is not in sync with the Podfile.lock. Run 'pod install' or update your CocoaPods installation.\nEOM\n    exit 1\nfi\n";
			showEnvVarsInLog = 0;
		};
		EC17B60808F2E8D32BC0C4DF /* [CP] Copy Pods Resources */ = {
			isa = PBXShellScriptBuildPhase;
			buildActionMask = 2147483647;
			files = (
			);
			inputPaths = (
			);
			name = "[CP] Copy Pods Resources";
			outputPaths = (
			);
			runOnlyForDeploymentPostprocessing = 0;
			shellPath = /bin/sh;
			shellScript = "\"${SRCROOT}/Pods/Target Support Files/Pods-MedicalExaminationSchedule/Pods-MedicalExaminationSchedule-resources.sh\"\n";
			showEnvVarsInLog = 0;
		};
/* End PBXShellScriptBuildPhase section */

/* Begin PBXSourcesBuildPhase section */
		84CB42C71DE16FE00059B057 /* Sources */ = {
			isa = PBXSourcesBuildPhase;
			buildActionMask = 2147483647;
			files = (
				D2DE925A1DF2A84D000C9BC7 /* Define.swift in Sources */,
				D2DE925E1DF2AD61000C9BC7 /* UpdateProfileWithFacebookViewController.swift in Sources */,
				84CB43011DE19A3C0059B057 /* SignInViewController.swift in Sources */,
				84CB42D11DE16FE10059B057 /* ViewController.swift in Sources */,
				84CB42D71DE16FE10059B057 /* MedicalExaminationSchedule.xcdatamodeld in Sources */,
				D2DE925C1DF2A87B000C9BC7 /* ProjectCommon.swift in Sources */,
				84CB42CF1DE16FE10059B057 /* AppDelegate.swift in Sources */,
				84CB43031DE1B4270059B057 /* SignUpViewController.swift in Sources */,
			);
			runOnlyForDeploymentPostprocessing = 0;
		};
		84CB42DE1DE16FE10059B057 /* Sources */ = {
			isa = PBXSourcesBuildPhase;
			buildActionMask = 2147483647;
			files = (
				84CB42E71DE16FE10059B057 /* MedicalExaminationScheduleTests.swift in Sources */,
			);
			runOnlyForDeploymentPostprocessing = 0;
		};
		84CB42E91DE16FE10059B057 /* Sources */ = {
			isa = PBXSourcesBuildPhase;
			buildActionMask = 2147483647;
			files = (
				84CB42F21DE16FE10059B057 /* MedicalExaminationScheduleUITests.swift in Sources */,
			);
			runOnlyForDeploymentPostprocessing = 0;
		};
/* End PBXSourcesBuildPhase section */

/* Begin PBXTargetDependency section */
		84CB42E41DE16FE10059B057 /* PBXTargetDependency */ = {
			isa = PBXTargetDependency;
			target = 84CB42CA1DE16FE00059B057 /* MedicalExaminationSchedule */;
			targetProxy = 84CB42E31DE16FE10059B057 /* PBXContainerItemProxy */;
		};
		84CB42EF1DE16FE10059B057 /* PBXTargetDependency */ = {
			isa = PBXTargetDependency;
			target = 84CB42CA1DE16FE00059B057 /* MedicalExaminationSchedule */;
			targetProxy = 84CB42EE1DE16FE10059B057 /* PBXContainerItemProxy */;
		};
/* End PBXTargetDependency section */

/* Begin PBXVariantGroup section */
		84CB42D21DE16FE10059B057 /* Main.storyboard */ = {
			isa = PBXVariantGroup;
			children = (
				84CB42D31DE16FE10059B057 /* Base */,
			);
			name = Main.storyboard;
			sourceTree = "<group>";
		};
		84CB42DA1DE16FE10059B057 /* LaunchScreen.storyboard */ = {
			isa = PBXVariantGroup;
			children = (
				84CB42DB1DE16FE10059B057 /* Base */,
			);
			name = LaunchScreen.storyboard;
			sourceTree = "<group>";
		};
/* End PBXVariantGroup section */

/* Begin XCBuildConfiguration section */
		84CB42F41DE16FE10059B057 /* Debug */ = {
			isa = XCBuildConfiguration;
			buildSettings = {
				ALWAYS_SEARCH_USER_PATHS = NO;
				CLANG_ANALYZER_NONNULL = YES;
				CLANG_CXX_LANGUAGE_STANDARD = "gnu++0x";
				CLANG_CXX_LIBRARY = "libc++";
				CLANG_ENABLE_MODULES = YES;
				CLANG_ENABLE_OBJC_ARC = YES;
				CLANG_WARN_BOOL_CONVERSION = YES;
				CLANG_WARN_CONSTANT_CONVERSION = YES;
				CLANG_WARN_DIRECT_OBJC_ISA_USAGE = YES_ERROR;
				CLANG_WARN_DOCUMENTATION_COMMENTS = YES;
				CLANG_WARN_EMPTY_BODY = YES;
				CLANG_WARN_ENUM_CONVERSION = YES;
				CLANG_WARN_INFINITE_RECURSION = YES;
				CLANG_WARN_INT_CONVERSION = YES;
				CLANG_WARN_OBJC_ROOT_CLASS = YES_ERROR;
				CLANG_WARN_SUSPICIOUS_MOVES = YES;
				CLANG_WARN_UNREACHABLE_CODE = YES;
				CLANG_WARN__DUPLICATE_METHOD_MATCH = YES;
				"CODE_SIGN_IDENTITY[sdk=iphoneos*]" = "iPhone Developer";
				COPY_PHASE_STRIP = NO;
				DEBUG_INFORMATION_FORMAT = dwarf;
				ENABLE_STRICT_OBJC_MSGSEND = YES;
				ENABLE_TESTABILITY = YES;
				GCC_C_LANGUAGE_STANDARD = gnu99;
				GCC_DYNAMIC_NO_PIC = NO;
				GCC_NO_COMMON_BLOCKS = YES;
				GCC_OPTIMIZATION_LEVEL = 0;
				GCC_PREPROCESSOR_DEFINITIONS = (
					"DEBUG=1",
					"$(inherited)",
				);
				GCC_WARN_64_TO_32_BIT_CONVERSION = YES;
				GCC_WARN_ABOUT_RETURN_TYPE = YES_ERROR;
				GCC_WARN_UNDECLARED_SELECTOR = YES;
				GCC_WARN_UNINITIALIZED_AUTOS = YES_AGGRESSIVE;
				GCC_WARN_UNUSED_FUNCTION = YES;
				GCC_WARN_UNUSED_VARIABLE = YES;
				IPHONEOS_DEPLOYMENT_TARGET = 10.1;
				MTL_ENABLE_DEBUG_INFO = YES;
				ONLY_ACTIVE_ARCH = YES;
				SDKROOT = iphoneos;
				SWIFT_ACTIVE_COMPILATION_CONDITIONS = DEBUG;
				SWIFT_OPTIMIZATION_LEVEL = "-Onone";
				TARGETED_DEVICE_FAMILY = "1,2";
			};
			name = Debug;
		};
		84CB42F51DE16FE10059B057 /* Release */ = {
			isa = XCBuildConfiguration;
			buildSettings = {
				ALWAYS_SEARCH_USER_PATHS = NO;
				CLANG_ANALYZER_NONNULL = YES;
				CLANG_CXX_LANGUAGE_STANDARD = "gnu++0x";
				CLANG_CXX_LIBRARY = "libc++";
				CLANG_ENABLE_MODULES = YES;
				CLANG_ENABLE_OBJC_ARC = YES;
				CLANG_WARN_BOOL_CONVERSION = YES;
				CLANG_WARN_CONSTANT_CONVERSION = YES;
				CLANG_WARN_DIRECT_OBJC_ISA_USAGE = YES_ERROR;
				CLANG_WARN_DOCUMENTATION_COMMENTS = YES;
				CLANG_WARN_EMPTY_BODY = YES;
				CLANG_WARN_ENUM_CONVERSION = YES;
				CLANG_WARN_INFINITE_RECURSION = YES;
				CLANG_WARN_INT_CONVERSION = YES;
				CLANG_WARN_OBJC_ROOT_CLASS = YES_ERROR;
				CLANG_WARN_SUSPICIOUS_MOVES = YES;
				CLANG_WARN_UNREACHABLE_CODE = YES;
				CLANG_WARN__DUPLICATE_METHOD_MATCH = YES;
				"CODE_SIGN_IDENTITY[sdk=iphoneos*]" = "iPhone Developer";
				COPY_PHASE_STRIP = NO;
				DEBUG_INFORMATION_FORMAT = "dwarf-with-dsym";
				ENABLE_NS_ASSERTIONS = NO;
				ENABLE_STRICT_OBJC_MSGSEND = YES;
				GCC_C_LANGUAGE_STANDARD = gnu99;
				GCC_NO_COMMON_BLOCKS = YES;
				GCC_WARN_64_TO_32_BIT_CONVERSION = YES;
				GCC_WARN_ABOUT_RETURN_TYPE = YES_ERROR;
				GCC_WARN_UNDECLARED_SELECTOR = YES;
				GCC_WARN_UNINITIALIZED_AUTOS = YES_AGGRESSIVE;
				GCC_WARN_UNUSED_FUNCTION = YES;
				GCC_WARN_UNUSED_VARIABLE = YES;
				IPHONEOS_DEPLOYMENT_TARGET = 10.1;
				MTL_ENABLE_DEBUG_INFO = NO;
				SDKROOT = iphoneos;
				SWIFT_OPTIMIZATION_LEVEL = "-Owholemodule";
				TARGETED_DEVICE_FAMILY = "1,2";
				VALIDATE_PRODUCT = YES;
			};
			name = Release;
		};
		84CB42F71DE16FE10059B057 /* Debug */ = {
			isa = XCBuildConfiguration;
			baseConfigurationReference = CE67A550160C1A2E7EDEB177 /* Pods-MedicalExaminationSchedule.debug.xcconfig */;
			buildSettings = {
				ASSETCATALOG_COMPILER_APPICON_NAME = AppIcon;
				DEVELOPMENT_TEAM = 78F7F9Y9CK;
				INFOPLIST_FILE = MedicalExaminationSchedule/Info.plist;
				IPHONEOS_DEPLOYMENT_TARGET = 9.0;
				LD_RUNPATH_SEARCH_PATHS = "$(inherited) @executable_path/Frameworks";
				PRODUCT_BUNDLE_IDENTIFIER = Beacon.MedicalExaminationSchedule;
				PRODUCT_NAME = "$(TARGET_NAME)";
				SWIFT_VERSION = 3.0;
			};
			name = Debug;
		};
		84CB42F81DE16FE10059B057 /* Release */ = {
			isa = XCBuildConfiguration;
			baseConfigurationReference = 0F17756C69AD54587B1DA0BE /* Pods-MedicalExaminationSchedule.release.xcconfig */;
			buildSettings = {
				ASSETCATALOG_COMPILER_APPICON_NAME = AppIcon;
				DEVELOPMENT_TEAM = 78F7F9Y9CK;
				INFOPLIST_FILE = MedicalExaminationSchedule/Info.plist;
				IPHONEOS_DEPLOYMENT_TARGET = 9.0;
				LD_RUNPATH_SEARCH_PATHS = "$(inherited) @executable_path/Frameworks";
				PRODUCT_BUNDLE_IDENTIFIER = Beacon.MedicalExaminationSchedule;
				PRODUCT_NAME = "$(TARGET_NAME)";
				SWIFT_VERSION = 3.0;
			};
			name = Release;
		};
		84CB42FA1DE16FE10059B057 /* Debug */ = {
			isa = XCBuildConfiguration;
			baseConfigurationReference = 1F92D85D573E257A972657C5 /* Pods-MedicalExaminationScheduleTests.debug.xcconfig */;
			buildSettings = {
				ALWAYS_EMBED_SWIFT_STANDARD_LIBRARIES = YES;
				BUNDLE_LOADER = "$(TEST_HOST)";
				DEVELOPMENT_TEAM = 78F7F9Y9CK;
				INFOPLIST_FILE = MedicalExaminationScheduleTests/Info.plist;
				LD_RUNPATH_SEARCH_PATHS = "$(inherited) @executable_path/Frameworks @loader_path/Frameworks";
				PRODUCT_BUNDLE_IDENTIFIER = Beacon.MedicalExaminationScheduleTests;
				PRODUCT_NAME = "$(TARGET_NAME)";
				SWIFT_VERSION = 3.0;
				TEST_HOST = "$(BUILT_PRODUCTS_DIR)/MedicalExaminationSchedule.app/MedicalExaminationSchedule";
			};
			name = Debug;
		};
		84CB42FB1DE16FE10059B057 /* Release */ = {
			isa = XCBuildConfiguration;
			baseConfigurationReference = 8075232E2212CC7B148C5FBC /* Pods-MedicalExaminationScheduleTests.release.xcconfig */;
			buildSettings = {
				ALWAYS_EMBED_SWIFT_STANDARD_LIBRARIES = YES;
				BUNDLE_LOADER = "$(TEST_HOST)";
				DEVELOPMENT_TEAM = 78F7F9Y9CK;
				INFOPLIST_FILE = MedicalExaminationScheduleTests/Info.plist;
				LD_RUNPATH_SEARCH_PATHS = "$(inherited) @executable_path/Frameworks @loader_path/Frameworks";
				PRODUCT_BUNDLE_IDENTIFIER = Beacon.MedicalExaminationScheduleTests;
				PRODUCT_NAME = "$(TARGET_NAME)";
				SWIFT_VERSION = 3.0;
				TEST_HOST = "$(BUILT_PRODUCTS_DIR)/MedicalExaminationSchedule.app/MedicalExaminationSchedule";
			};
			name = Release;
		};
		84CB42FD1DE16FE10059B057 /* Debug */ = {
			isa = XCBuildConfiguration;
			baseConfigurationReference = F6046C89BE7A5BD971C6098B /* Pods-MedicalExaminationScheduleUITests.debug.xcconfig */;
			buildSettings = {
				ALWAYS_EMBED_SWIFT_STANDARD_LIBRARIES = YES;
				DEVELOPMENT_TEAM = 78F7F9Y9CK;
				INFOPLIST_FILE = MedicalExaminationScheduleUITests/Info.plist;
				LD_RUNPATH_SEARCH_PATHS = "$(inherited) @executable_path/Frameworks @loader_path/Frameworks";
				PRODUCT_BUNDLE_IDENTIFIER = Beacon.MedicalExaminationScheduleUITests;
				PRODUCT_NAME = "$(TARGET_NAME)";
				SWIFT_VERSION = 3.0;
				TEST_TARGET_NAME = MedicalExaminationSchedule;
			};
			name = Debug;
		};
		84CB42FE1DE16FE10059B057 /* Release */ = {
			isa = XCBuildConfiguration;
			baseConfigurationReference = 6894E3A1073F7D6578130B8F /* Pods-MedicalExaminationScheduleUITests.release.xcconfig */;
			buildSettings = {
				ALWAYS_EMBED_SWIFT_STANDARD_LIBRARIES = YES;
				DEVELOPMENT_TEAM = 78F7F9Y9CK;
				INFOPLIST_FILE = MedicalExaminationScheduleUITests/Info.plist;
				LD_RUNPATH_SEARCH_PATHS = "$(inherited) @executable_path/Frameworks @loader_path/Frameworks";
				PRODUCT_BUNDLE_IDENTIFIER = Beacon.MedicalExaminationScheduleUITests;
				PRODUCT_NAME = "$(TARGET_NAME)";
				SWIFT_VERSION = 3.0;
				TEST_TARGET_NAME = MedicalExaminationSchedule;
			};
			name = Release;
		};
/* End XCBuildConfiguration section */

/* Begin XCConfigurationList section */
		84CB42C61DE16FE00059B057 /* Build configuration list for PBXProject "MedicalExaminationSchedule" */ = {
			isa = XCConfigurationList;
			buildConfigurations = (
				84CB42F41DE16FE10059B057 /* Debug */,
				84CB42F51DE16FE10059B057 /* Release */,
			);
			defaultConfigurationIsVisible = 0;
			defaultConfigurationName = Release;
		};
		84CB42F61DE16FE10059B057 /* Build configuration list for PBXNativeTarget "MedicalExaminationSchedule" */ = {
			isa = XCConfigurationList;
			buildConfigurations = (
				84CB42F71DE16FE10059B057 /* Debug */,
				84CB42F81DE16FE10059B057 /* Release */,
			);
			defaultConfigurationIsVisible = 0;
			defaultConfigurationName = Release;
		};
		84CB42F91DE16FE10059B057 /* Build configuration list for PBXNativeTarget "MedicalExaminationScheduleTests" */ = {
			isa = XCConfigurationList;
			buildConfigurations = (
				84CB42FA1DE16FE10059B057 /* Debug */,
				84CB42FB1DE16FE10059B057 /* Release */,
			);
			defaultConfigurationIsVisible = 0;
			defaultConfigurationName = Release;
		};
		84CB42FC1DE16FE10059B057 /* Build configuration list for PBXNativeTarget "MedicalExaminationScheduleUITests" */ = {
			isa = XCConfigurationList;
			buildConfigurations = (
				84CB42FD1DE16FE10059B057 /* Debug */,
				84CB42FE1DE16FE10059B057 /* Release */,
			);
			defaultConfigurationIsVisible = 0;
			defaultConfigurationName = Release;
		};
/* End XCConfigurationList section */

/* Begin XCVersionGroup section */
		84CB42D51DE16FE10059B057 /* MedicalExaminationSchedule.xcdatamodeld */ = {
			isa = XCVersionGroup;
			children = (
				84CB42D61DE16FE10059B057 /* MedicalExaminationSchedule.xcdatamodel */,
			);
			currentVersion = 84CB42D61DE16FE10059B057 /* MedicalExaminationSchedule.xcdatamodel */;
			path = MedicalExaminationSchedule.xcdatamodeld;
			sourceTree = "<group>";
			versionGroupType = wrapper.xcdatamodel;
		};
/* End XCVersionGroup section */
	};
	rootObject = 84CB42C31DE16FE00059B057 /* Project object */;
}
